
Microsoft Visual Studio Solution File, Format Version 12.00
# Visual Studio Version 17
VisualStudioVersion = 17.3.32922.545
MinimumVisualStudioVersion = 10.0.40219.1
Project("{FAE04EC0-301F-11D3-BF4B-00C04F79EFBC}") = "Homework 5-a", "Homework 5-a\Homework 5-a.csproj", "{FF1A78BD-25B8-43AC-A27E-B1C485AA13C9}"
EndProject
Global
	GlobalSection(SolutionConfigurationPlatforms) = preSolution
		Debug|Any CPU = Debug|Any CPU
		Release|Any CPU = Release|Any CPU
	EndGlobalSection
	GlobalSection(ProjectConfigurationPlatforms) = postSolution
		{FF1A78BD-25B8-43AC-A27E-B1C485AA13C9}.Debug|Any CPU.ActiveCfg = Debug|Any CPU
		{FF1A78BD-25B8-43AC-A27E-B1C485AA13C9}.Debug|Any CPU.Build.0 = Debug|Any CPU
		{FF1A78BD-25B8-43AC-A27E-B1C485AA13C9}.Release|Any CPU.ActiveCfg = Release|Any CPU
		{FF1A78BD-25B8-43AC-A27E-B1C485AA13C9}.Release|Any CPU.Build.0 = Release|Any CPU
	EndGlobalSection
	GlobalSection(SolutionProperties) = preSolution
		HideSolutionNode = FALSE
	EndGlobalSection
	GlobalSection(ExtensibilityGlobals) = postSolution
		SolutionGuid = {DBFFB3F8-91ED-4DC5-A495-F5C9DBE30E01}
	EndGlobalSection
EndGlobal
